
Microsoft Visual Studio Solution File, Format Version 12.00
# Visual Studio Version 16
VisualStudioVersion = 16.0.29613.14
MinimumVisualStudioVersion = 10.0.40219.1
Project("{FAE04EC0-301F-11D3-BF4B-00C04F79EFBC}") = "EnglishBookFinder", "EnglishBookFinder\EnglishBookFinder.csproj", "{860F8F15-DDC9-4853-8471-EA8C5D32DC50}"
EndProject
Global
	GlobalSection(SolutionConfigurationPlatforms) = preSolution
		Debug|Any CPU = Debug|Any CPU
		Release|Any CPU = Release|Any CPU
	EndGlobalSection
	GlobalSection(ProjectConfigurationPlatforms) = postSolution
		{860F8F15-DDC9-4853-8471-EA8C5D32DC50}.Debug|Any CPU.ActiveCfg = Debug|Any CPU
		{860F8F15-DDC9-4853-8471-EA8C5D32DC50}.Debug|Any CPU.Build.0 = Debug|Any CPU
		{860F8F15-DDC9-4853-8471-EA8C5D32DC50}.Release|Any CPU.ActiveCfg = Release|Any CPU
		{860F8F15-DDC9-4853-8471-EA8C5D32DC50}.Release|Any CPU.Build.0 = Release|Any CPU
	EndGlobalSection
	GlobalSection(SolutionProperties) = preSolution
		HideSolutionNode = FALSE
	EndGlobalSection
	GlobalSection(ExtensibilityGlobals) = postSolution
		SolutionGuid = {CDF6E2FD-49CB-415C-B182-6E2E222D3501}
	EndGlobalSection
EndGlobal
